
Microsoft Visual Studio Solution File, Format Version 12.00
# Visual Studio Version 16
VisualStudioVersion = 16.0.32126.315
MinimumVisualStudioVersion = 10.0.40219.1
Project("{9A19103F-16F7-4668-BE54-9A1E7A4F7556}") = "Navbar", "Navbar\Navbar.csproj", "{A57B56AC-9E0F-45EE-AEBC-2D55087FCEA0}"
EndProject
Global
	GlobalSection(SolutionConfigurationPlatforms) = preSolution
		Debug|Any CPU = Debug|Any CPU
		Release|Any CPU = Release|Any CPU
	EndGlobalSection
	GlobalSection(ProjectConfigurationPlatforms) = postSolution
		{A57B56AC-9E0F-45EE-AEBC-2D55087FCEA0}.Debug|Any CPU.ActiveCfg = Debug|Any CPU
		{A57B56AC-9E0F-45EE-AEBC-2D55087FCEA0}.Debug|Any CPU.Build.0 = Debug|Any CPU
		{A57B56AC-9E0F-45EE-AEBC-2D55087FCEA0}.Release|Any CPU.ActiveCfg = Release|Any CPU
		{A57B56AC-9E0F-45EE-AEBC-2D55087FCEA0}.Release|Any CPU.Build.0 = Release|Any CPU
	EndGlobalSection
	GlobalSection(SolutionProperties) = preSolution
		HideSolutionNode = FALSE
	EndGlobalSection
	GlobalSection(ExtensibilityGlobals) = postSolution
		SolutionGuid = {856A7F14-F295-45CA-B3AB-3F84F0A99470}
	EndGlobalSection
EndGlobal
